{
  "name": "vuetify-form-base",
  "version": "0.2.6",
  "lockfileVersion": 1,
  "requires": true,
  "dependencies": {
    "lodash": {
      "version": "4.17.19",
      "resolved": "https://registry.npmjs.org/lodash/-/lodash-4.17.19.tgz",
      "integrity": "sha512-JNvd8XER9GQX0v2qJgsaN/mzFCNA5BRe/j8JN9d+tWyGLSodKQHKFicdwNYzWwI3wjRnaKPsGj1XkBjx/F96DQ=="
    },
    "vue-the-mask": {
      "version": "0.11.1",
      "resolved": "https://registry.npmjs.org/vue-the-mask/-/vue-the-mask-0.11.1.tgz",
      "integrity": "sha512-UquSfnSWejD0zAfcD+3jJ1chUAkOAyoxya9Lxh9acCRtrlmGcAIvd0cQYraWqKenbuZJUdum+S174atv2AuEHQ=="
    }
  }
}
